// !$*UTF8*$!
{
	archiveVersion = 1;
	classes = {
	};
	objectVersion = 46;
	objects = {

/* Begin PBXBuildFile section */
		677C7D881E0B919F007FA861 /* AppDelegate.swift in Sources */ = {isa = PBXBuildFile; fileRef = 677C7D871E0B919F007FA861 /* AppDelegate.swift */; };
		677C7D8A1E0B919F007FA861 /* ViewController.swift in Sources */ = {isa = PBXBuildFile; fileRef = 677C7D891E0B919F007FA861 /* ViewController.swift */; };
		677C7D8D1E0B919F007FA861 /* Main.storyboard in Resources */ = {isa = PBXBuildFile; fileRef = 677C7D8B1E0B919F007FA861 /* Main.storyboard */; };
		677C7D901E0B919F007FA861 /* MiraclePill.xcdatamodeld in Sources */ = {isa = PBXBuildFile; fileRef = 677C7D8E1E0B919F007FA861 /* MiraclePill.xcdatamodeld */; };
		677C7D921E0B919F007FA861 /* Assets.xcassets in Resources */ = {isa = PBXBuildFile; fileRef = 677C7D911E0B919F007FA861 /* Assets.xcassets */; };
		677C7D951E0B919F007FA861 /* LaunchScreen.storyboard in Resources */ = {isa = PBXBuildFile; fileRef = 677C7D931E0B919F007FA861 /* LaunchScreen.storyboard */; };
		677C7DA01E0B919F007FA861 /* MiraclePillTests.swift in Sources */ = {isa = PBXBuildFile; fileRef = 677C7D9F1E0B919F007FA861 /* MiraclePillTests.swift */; };
		677C7DAB1E0B919F007FA861 /* MiraclePillUITests.swift in Sources */ = {isa = PBXBuildFile; fileRef = 677C7DAA1E0B919F007FA861 /* MiraclePillUITests.swift */; };
/* End PBXBuildFile section */

/* Begin PBXContainerItemProxy section */
		677C7D9C1E0B919F007FA861 /* PBXContainerItemProxy */ = {
			isa = PBXContainerItemProxy;
			containerPortal = 677C7D7C1E0B919E007FA861 /* Project object */;
			proxyType = 1;
			remoteGlobalIDString = 677C7D831E0B919F007FA861;
			remoteInfo = MiraclePill;
		};
		677C7DA71E0B919F007FA861 /* PBXContainerItemProxy */ = {
			isa = PBXContainerItemProxy;
			containerPortal = 677C7D7C1E0B919E007FA861 /* Project object */;
			proxyType = 1;
			remoteGlobalIDString = 677C7D831E0B919F007FA861;
			remoteInfo = MiraclePill;
		};
/* End PBXContainerItemProxy section */

/* Begin PBXFileReference section */
		677C7D841E0B919F007FA861 /* MiraclePill.app */ = {isa = PBXFileReference; explicitFileType = wrapper.application; includeInIndex = 0; path = MiraclePill.app; sourceTree = BUILT_PRODUCTS_DIR; };
		677C7D871E0B919F007FA861 /* AppDelegate.swift */ = {isa = PBXFileReference; lastKnownFileType = sourcecode.swift; path = AppDelegate.swift; sourceTree = "<group>"; };
		677C7D891E0B919F007FA861 /* ViewController.swift */ = {isa = PBXFileReference; lastKnownFileType = sourcecode.swift; path = ViewController.swift; sourceTree = "<group>"; };
		677C7D8C1E0B919F007FA861 /* Base */ = {isa = PBXFileReference; lastKnownFileType = file.storyboard; name = Base; path = Base.lproj/Main.storyboard; sourceTree = "<group>"; };
		677C7D8F1E0B919F007FA861 /* MiraclePill.xcdatamodel */ = {isa = PBXFileReference; lastKnownFileType = wrapper.xcdatamodel; path = MiraclePill.xcdatamodel; sourceTree = "<group>"; };
		677C7D911E0B919F007FA861 /* Assets.xcassets */ = {isa = PBXFileReference; lastKnownFileType = folder.assetcatalog; path = Assets.xcassets; sourceTree = "<group>"; };
		677C7D941E0B919F007FA861 /* Base */ = {isa = PBXFileReference; lastKnownFileType = file.storyboard; name = Base; path = Base.lproj/LaunchScreen.storyboard; sourceTree = "<group>"; };
		677C7D961E0B919F007FA861 /* Info.plist */ = {isa = PBXFileReference; lastKnownFileType = text.plist.xml; path = Info.plist; sourceTree = "<group>"; };
		677C7D9B1E0B919F007FA861 /* MiraclePillTests.xctest */ = {isa = PBXFileReference; explicitFileType = wrapper.cfbundle; includeInIndex = 0; path = MiraclePillTests.xctest; sourceTree = BUILT_PRODUCTS_DIR; };
		677C7D9F1E0B919F007FA861 /* MiraclePillTests.swift */ = {isa = PBXFileReference; lastKnownFileType = sourcecode.swift; path = MiraclePillTests.swift; sourceTree = "<group>"; };
		677C7DA11E0B919F007FA861 /* Info.plist */ = {isa = PBXFileReference; lastKnownFileType = text.plist.xml; path = Info.plist; sourceTree = "<group>"; };
		677C7DA61E0B919F007FA861 /* MiraclePillUITests.xctest */ = {isa = PBXFileReference; explicitFileType = wrapper.cfbundle; includeInIndex = 0; path = MiraclePillUITests.xctest; sourceTree = BUILT_PRODUCTS_DIR; };
		677C7DAA1E0B919F007FA861 /* MiraclePillUITests.swift */ = {isa = PBXFileReference; lastKnownFileType = sourcecode.swift; path = MiraclePillUITests.swift; sourceTree = "<group>"; };
		677C7DAC1E0B919F007FA861 /* Info.plist */ = {isa = PBXFileReference; lastKnownFileType = text.plist.xml; path = Info.plist; sourceTree = "<group>"; };
/* End PBXFileReference section */

/* Begin PBXFrameworksBuildPhase section */
		677C7D811E0B919F007FA861 /* Frameworks */ = {
			isa = PBXFrameworksBuildPhase;
			buildActionMask = 2147483647;
			files = (
			);
			runOnlyForDeploymentPostprocessing = 0;
		};
		677C7D981E0B919F007FA861 /* Frameworks */ = {
			isa = PBXFrameworksBuildPhase;
			buildActionMask = 2147483647;
			files = (
			);
			runOnlyForDeploymentPostprocessing = 0;
		};
		677C7DA31E0B919F007FA861 /* Frameworks */ = {
			isa = PBXFrameworksBuildPhase;
			buildActionMask = 2147483647;
			files = (
			);
			runOnlyForDeploymentPostprocessing = 0;
		};
/* End PBXFrameworksBuildPhase section */

/* Begin PBXGroup section */
		677C7D7B1E0B919E007FA861 = {
			isa = PBXGroup;
			children = (
				677C7D861E0B919F007FA861 /* MiraclePill */,
				677C7D9E1E0B919F007FA861 /* MiraclePillTests */,
				677C7DA91E0B919F007FA861 /* MiraclePillUITests */,
				677C7D851E0B919F007FA861 /* Products */,
			);
			sourceTree = "<group>";
		};
		677C7D851E0B919F007FA861 /* Products */ = {
			isa = PBXGroup;
			children = (
				677C7D841E0B919F007FA861 /* MiraclePill.app */,
				677C7D9B1E0B919F007FA861 /* MiraclePillTests.xctest */,
				677C7DA61E0B919F007FA861 /* MiraclePillUITests.xctest */,
			);
			name = Products;
			sourceTree = "<group>";
		};
		677C7D861E0B919F007FA861 /* MiraclePill */ = {
			isa = PBXGroup;
			children = (
				677C7D871E0B919F007FA861 /* AppDelegate.swift */,
				677C7D891E0B919F007FA861 /* ViewController.swift */,
				677C7D8B1E0B919F007FA861 /* Main.storyboard */,
				677C7D911E0B919F007FA861 /* Assets.xcassets */,
				677C7D931E0B919F007FA861 /* LaunchScreen.storyboard */,
				677C7D961E0B919F007FA861 /* Info.plist */,
				677C7D8E1E0B919F007FA861 /* MiraclePill.xcdatamodeld */,
			);
			path = MiraclePill;
			sourceTree = "<group>";
		};
		677C7D9E1E0B919F007FA861 /* MiraclePillTests */ = {
			isa = PBXGroup;
			children = (
				677C7D9F1E0B919F007FA861 /* MiraclePillTests.swift */,
				677C7DA11E0B919F007FA861 /* Info.plist */,
			);
			path = MiraclePillTests;
			sourceTree = "<group>";
		};
		677C7DA91E0B919F007FA861 /* MiraclePillUITests */ = {
			isa = PBXGroup;
			children = (
				677C7DAA1E0B919F007FA861 /* MiraclePillUITests.swift */,
				677C7DAC1E0B919F007FA861 /* Info.plist */,
			);
			path = MiraclePillUITests;
			sourceTree = "<group>";
		};
/* End PBXGroup section */

/* Begin PBXNativeTarget section */
		677C7D831E0B919F007FA861 /* MiraclePill */ = {
			isa = PBXNativeTarget;
			buildConfigurationList = 677C7DAF1E0B919F007FA861 /* Build configuration list for PBXNativeTarget "MiraclePill" */;
			buildPhases = (
				677C7D801E0B919F007FA861 /* Sources */,
				677C7D811E0B919F007FA861 /* Frameworks */,
				677C7D821E0B919F007FA861 /* Resources */,
			);
			buildRules = (
			);
			dependencies = (
			);
			name = MiraclePill;
			productName = MiraclePill;
			productReference = 677C7D841E0B919F007FA861 /* MiraclePill.app */;
			productType = "com.apple.product-type.application";
		};
		677C7D9A1E0B919F007FA861 /* MiraclePillTests */ = {
			isa = PBXNativeTarget;
			buildConfigurationList = 677C7DB21E0B919F007FA861 /* Build configuration list for PBXNativeTarget "MiraclePillTests" */;
			buildPhases = (
				677C7D971E0B919F007FA861 /* Sources */,
				677C7D981E0B919F007FA861 /* Frameworks */,
				677C7D991E0B919F007FA861 /* Resources */,
			);
			buildRules = (
			);
			dependencies = (
				677C7D9D1E0B919F007FA861 /* PBXTargetDependency */,
			);
			name = MiraclePillTests;
			productName = MiraclePillTests;
			productReference = 677C7D9B1E0B919F007FA861 /* MiraclePillTests.xctest */;
			productType = "com.apple.product-type.bundle.unit-test";
		};
		677C7DA51E0B919F007FA861 /* MiraclePillUITests */ = {
			isa = PBXNativeTarget;
			buildConfigurationList = 677C7DB51E0B919F007FA861 /* Build configuration list for PBXNativeTarget "MiraclePillUITests" */;
			buildPhases = (
				677C7DA21E0B919F007FA861 /* Sources */,
				677C7DA31E0B919F007FA861 /* Frameworks */,
				677C7DA41E0B919F007FA861 /* Resources */,
			);
			buildRules = (
			);
			dependencies = (
				677C7DA81E0B919F007FA861 /* PBXTargetDependency */,
			);
			name = MiraclePillUITests;
			productName = MiraclePillUITests;
			productReference = 677C7DA61E0B919F007FA861 /* MiraclePillUITests.xctest */;
			productType = "com.apple.product-type.bundle.ui-testing";
		};
/* End PBXNativeTarget section */

/* Begin PBXProject section */
		677C7D7C1E0B919E007FA861 /* Project object */ = {
			isa = PBXProject;
			attributes = {
				LastSwiftUpdateCheck = 0800;
				LastUpgradeCheck = 0800;
				ORGANIZATIONNAME = NguyenHung;
				TargetAttributes = {
					677C7D831E0B919F007FA861 = {
						CreatedOnToolsVersion = 8.0;
						ProvisioningStyle = Automatic;
					};
					677C7D9A1E0B919F007FA861 = {
						CreatedOnToolsVersion = 8.0;
						ProvisioningStyle = Automatic;
						TestTargetID = 677C7D831E0B919F007FA861;
					};
					677C7DA51E0B919F007FA861 = {
						CreatedOnToolsVersion = 8.0;
						ProvisioningStyle = Automatic;
						TestTargetID = 677C7D831E0B919F007FA861;
					};
				};
			};
			buildConfigurationList = 677C7D7F1E0B919E007FA861 /* Build configuration list for PBXProject "MiraclePill" */;
			compatibilityVersion = "Xcode 3.2";
			developmentRegion = English;
			hasScannedForEncodings = 0;
			knownRegions = (
				en,
				Base,
			);
			mainGroup = 677C7D7B1E0B919E007FA861;
			productRefGroup = 677C7D851E0B919F007FA861 /* Products */;
			projectDirPath = "";
			projectRoot = "";
			targets = (
				677C7D831E0B919F007FA861 /* MiraclePill */,
				677C7D9A1E0B919F007FA861 /* MiraclePillTests */,
				677C7DA51E0B919F007FA861 /* MiraclePillUITests */,
			);
		};
/* End PBXProject section */

/* Begin PBXResourcesBuildPhase section */
		677C7D821E0B919F007FA861 /* Resources */ = {
			isa = PBXResourcesBuildPhase;
			buildActionMask = 2147483647;
			files = (
				677C7D951E0B919F007FA861 /* LaunchScreen.storyboard in Resources */,
				677C7D921E0B919F007FA861 /* Assets.xcassets in Resources */,
				677C7D8D1E0B919F007FA861 /* Main.storyboard in Resources */,
			);
			runOnlyForDeploymentPostprocessing = 0;
		};
		677C7D991E0B919F007FA861 /* Resources */ = {
			isa = PBXResourcesBuildPhase;
			buildActionMask = 2147483647;
			files = (
			);
			runOnlyForDeploymentPostprocessing = 0;
		};
		677C7DA41E0B919F007FA861 /* Resources */ = {
			isa = PBXResourcesBuildPhase;
			buildActionMask = 2147483647;
			files = (
			);
			runOnlyForDeploymentPostprocessing = 0;
		};
/* End PBXResourcesBuildPhase section */

/* Begin PBXSourcesBuildPhase section */
		677C7D801E0B919F007FA861 /* Sources */ = {
			isa = PBXSourcesBuildPhase;
			buildActionMask = 2147483647;
			files = (
				677C7D901E0B919F007FA861 /* MiraclePill.xcdatamodeld in Sources */,
				677C7D8A1E0B919F007FA861 /* ViewController.swift in Sources */,
				677C7D881E0B919F007FA861 /* AppDelegate.swift in Sources */,
			);
			runOnlyForDeploymentPostprocessing = 0;
		};
		677C7D971E0B919F007FA861 /* Sources */ = {
			isa = PBXSourcesBuildPhase;
			buildActionMask = 2147483647;
			files = (
				677C7DA01E0B919F007FA861 /* MiraclePillTests.swift in Sources */,
			);
			runOnlyForDeploymentPostprocessing = 0;
		};
		677C7DA21E0B919F007FA861 /* Sources */ = {
			isa = PBXSourcesBuildPhase;
			buildActionMask = 2147483647;
			files = (
				677C7DAB1E0B919F007FA861 /* MiraclePillUITests.swift in Sources */,
			);
			runOnlyForDeploymentPostprocessing = 0;
		};
/* End PBXSourcesBuildPhase section */

/* Begin PBXTargetDependency section */
		677C7D9D1E0B919F007FA861 /* PBXTargetDependency */ = {
			isa = PBXTargetDependency;
			target = 677C7D831E0B919F007FA861 /* MiraclePill */;
			targetProxy = 677C7D9C1E0B919F007FA861 /* PBXContainerItemProxy */;
		};
		677C7DA81E0B919F007FA861 /* PBXTargetDependency */ = {
			isa = PBXTargetDependency;
			target = 677C7D831E0B919F007FA861 /* MiraclePill */;
			targetProxy = 677C7DA71E0B919F007FA861 /* PBXContainerItemProxy */;
		};
/* End PBXTargetDependency section */

/* Begin PBXVariantGroup section */
		677C7D8B1E0B919F007FA861 /* Main.storyboard */ = {
			isa = PBXVariantGroup;
			children = (
				677C7D8C1E0B919F007FA861 /* Base */,
			);
			name = Main.storyboard;
			sourceTree = "<group>";
		};
		677C7D931E0B919F007FA861 /* LaunchScreen.storyboard */ = {
			isa = PBXVariantGroup;
			children = (
				677C7D941E0B919F007FA861 /* Base */,
			);
			name = LaunchScreen.storyboard;
			sourceTree = "<group>";
		};
/* End PBXVariantGroup section */

/* Begin XCBuildConfiguration section */
		677C7DAD1E0B919F007FA861 /* Debug */ = {
			isa = XCBuildConfiguration;
			buildSettings = {
				ALWAYS_SEARCH_USER_PATHS = NO;
				CLANG_ANALYZER_NONNULL = YES;
				CLANG_CXX_LANGUAGE_STANDARD = "gnu++0x";
				CLANG_CXX_LIBRARY = "libc++";
				CLANG_ENABLE_MODULES = YES;
				CLANG_ENABLE_OBJC_ARC = YES;
				CLANG_WARN_BOOL_CONVERSION = YES;
				CLANG_WARN_CONSTANT_CONVERSION = YES;
				CLANG_WARN_DIRECT_OBJC_ISA_USAGE = YES_ERROR;
				CLANG_WARN_DOCUMENTATION_COMMENTS = YES;
				CLANG_WARN_EMPTY_BODY = YES;
				CLANG_WARN_ENUM_CONVERSION = YES;
				CLANG_WARN_INFINITE_RECURSION = YES;
				CLANG_WARN_INT_CONVERSION = YES;
				CLANG_WARN_OBJC_ROOT_CLASS = YES_ERROR;
				CLANG_WARN_SUSPICIOUS_MOVES = YES;
				CLANG_WARN_UNREACHABLE_CODE = YES;
				CLANG_WARN__DUPLICATE_METHOD_MATCH = YES;
				"CODE_SIGN_IDENTITY[sdk=iphoneos*]" = "iPhone Developer";
				COPY_PHASE_STRIP = NO;
				DEBUG_INFORMATION_FORMAT = dwarf;
				ENABLE_STRICT_OBJC_MSGSEND = YES;
				ENABLE_TESTABILITY = YES;
				GCC_C_LANGUAGE_STANDARD = gnu99;
				GCC_DYNAMIC_NO_PIC = NO;
				GCC_NO_COMMON_BLOCKS = YES;
				GCC_OPTIMIZATION_LEVEL = 0;
				GCC_PREPROCESSOR_DEFINITIONS = (
					"DEBUG=1",
					"$(inherited)",
				);
				GCC_WARN_64_TO_32_BIT_CONVERSION = YES;
				GCC_WARN_ABOUT_RETURN_TYPE = YES_ERROR;
				GCC_WARN_UNDECLARED_SELECTOR = YES;
				GCC_WARN_UNINITIALIZED_AUTOS = YES_AGGRESSIVE;
				GCC_WARN_UNUSED_FUNCTION = YES;
				GCC_WARN_UNUSED_VARIABLE = YES;
				IPHONEOS_DEPLOYMENT_TARGET = 10.0;
				MTL_ENABLE_DEBUG_INFO = YES;
				ONLY_ACTIVE_ARCH = YES;
				SDKROOT = iphoneos;
				SWIFT_ACTIVE_COMPILATION_CONDITIONS = DEBUG;
				SWIFT_OPTIMIZATION_LEVEL = "-Onone";
				TARGETED_DEVICE_FAMILY = "1,2";
			};
			name = Debug;
		};
		677C7DAE1E0B919F007FA861 /* Release */ = {
			isa = XCBuildConfiguration;
			buildSettings = {
				ALWAYS_SEARCH_USER_PATHS = NO;
				CLANG_ANALYZER_NONNULL = YES;
				CLANG_CXX_LANGUAGE_STANDARD = "gnu++0x";
				CLANG_CXX_LIBRARY = "libc++";
				CLANG_ENABLE_MODULES = YES;
				CLANG_ENABLE_OBJC_ARC = YES;
				CLANG_WARN_BOOL_CONVERSION = YES;
				CLANG_WARN_CONSTANT_CONVERSION = YES;
				CLANG_WARN_DIRECT_OBJC_ISA_USAGE = YES_ERROR;
				CLANG_WARN_DOCUMENTATION_COMMENTS = YES;
				CLANG_WARN_EMPTY_BODY = YES;
				CLANG_WARN_ENUM_CONVERSION = YES;
				CLANG_WARN_INFINITE_RECURSION = YES;
				CLANG_WARN_INT_CONVERSION = YES;
				CLANG_WARN_OBJC_ROOT_CLASS = YES_ERROR;
				CLANG_WARN_SUSPICIOUS_MOVES = YES;
				CLANG_WARN_UNREACHABLE_CODE = YES;
				CLANG_WARN__DUPLICATE_METHOD_MATCH = YES;
				"CODE_SIGN_IDENTITY[sdk=iphoneos*]" = "iPhone Developer";
				COPY_PHASE_STRIP = NO;
				DEBUG_INFORMATION_FORMAT = "dwarf-with-dsym";
				ENABLE_NS_ASSERTIONS = NO;
				ENABLE_STRICT_OBJC_MSGSEND = YES;
				GCC_C_LANGUAGE_STANDARD = gnu99;
				GCC_NO_COMMON_BLOCKS = YES;
				GCC_WARN_64_TO_32_BIT_CONVERSION = YES;
				GCC_WARN_ABOUT_RETURN_TYPE = YES_ERROR;
				GCC_WARN_UNDECLARED_SELECTOR = YES;
				GCC_WARN_UNINITIALIZED_AUTOS = YES_AGGRESSIVE;
				GCC_WARN_UNUSED_FUNCTION = YES;
				GCC_WARN_UNUSED_VARIABLE = YES;
				IPHONEOS_DEPLOYMENT_TARGET = 10.0;
				MTL_ENABLE_DEBUG_INFO = NO;
				SDKROOT = iphoneos;
				SWIFT_OPTIMIZATION_LEVEL = "-Owholemodule";
				TARGETED_DEVICE_FAMILY = "1,2";
				VALIDATE_PRODUCT = YES;
			};
			name = Release;
		};
		677C7DB01E0B919F007FA861 /* Debug */ = {
			isa = XCBuildConfiguration;
			buildSettings = {
				ASSETCATALOG_COMPILER_APPICON_NAME = AppIcon;
				INFOPLIST_FILE = MiraclePill/Info.plist;
				LD_RUNPATH_SEARCH_PATHS = "$(inherited) @executable_path/Frameworks";
				PRODUCT_BUNDLE_IDENTIFIER = com.MiraclePill;
				PRODUCT_NAME = "$(TARGET_NAME)";
				SWIFT_VERSION = 3.0;
			};
			name = Debug;
		};
		677C7DB11E0B919F007FA861 /* Release */ = {
			isa = XCBuildConfiguration;
			buildSettings = {
				ASSETCATALOG_COMPILER_APPICON_NAME = AppIcon;
				INFOPLIST_FILE = MiraclePill/Info.plist;
				LD_RUNPATH_SEARCH_PATHS = "$(inherited) @executable_path/Frameworks";
				PRODUCT_BUNDLE_IDENTIFIER = com.MiraclePill;
				PRODUCT_NAME = "$(TARGET_NAME)";
				SWIFT_VERSION = 3.0;
			};
			name = Release;
		};
		677C7DB31E0B919F007FA861 /* Debug */ = {
			isa = XCBuildConfiguration;
			buildSettings = {
				ALWAYS_EMBED_SWIFT_STANDARD_LIBRARIES = YES;
				BUNDLE_LOADER = "$(TEST_HOST)";
				INFOPLIST_FILE = MiraclePillTests/Info.plist;
				LD_RUNPATH_SEARCH_PATHS = "$(inherited) @executable_path/Frameworks @loader_path/Frameworks";
				PRODUCT_BUNDLE_IDENTIFIER = com.MiraclePillTests;
				PRODUCT_NAME = "$(TARGET_NAME)";
				SWIFT_VERSION = 3.0;
				TEST_HOST = "$(BUILT_PRODUCTS_DIR)/MiraclePill.app/MiraclePill";
			};
			name = Debug;
		};
		677C7DB41E0B919F007FA861 /* Release */ = {
			isa = XCBuildConfiguration;
			buildSettings = {
				ALWAYS_EMBED_SWIFT_STANDARD_LIBRARIES = YES;
				BUNDLE_LOADER = "$(TEST_HOST)";
				INFOPLIST_FILE = MiraclePillTests/Info.plist;
				LD_RUNPATH_SEARCH_PATHS = "$(inherited) @executable_path/Frameworks @loader_path/Frameworks";
				PRODUCT_BUNDLE_IDENTIFIER = com.MiraclePillTests;
				PRODUCT_NAME = "$(TARGET_NAME)";
				SWIFT_VERSION = 3.0;
				TEST_HOST = "$(BUILT_PRODUCTS_DIR)/MiraclePill.app/MiraclePill";
			};
			name = Release;
		};
		677C7DB61E0B919F007FA861 /* Debug */ = {
			isa = XCBuildConfiguration;
			buildSettings = {
				ALWAYS_EMBED_SWIFT_STANDARD_LIBRARIES = YES;
				INFOPLIST_FILE = MiraclePillUITests/Info.plist;
				LD_RUNPATH_SEARCH_PATHS = "$(inherited) @executable_path/Frameworks @loader_path/Frameworks";
				PRODUCT_BUNDLE_IDENTIFIER = com.MiraclePillUITests;
				PRODUCT_NAME = "$(TARGET_NAME)";
				SWIFT_VERSION = 3.0;
				TEST_TARGET_NAME = MiraclePill;
			};
			name = Debug;
		};
		677C7DB71E0B919F007FA861 /* Release */ = {
			isa = XCBuildConfiguration;
			buildSettings = {
				ALWAYS_EMBED_SWIFT_STANDARD_LIBRARIES = YES;
				INFOPLIST_FILE = MiraclePillUITests/Info.plist;
				LD_RUNPATH_SEARCH_PATHS = "$(inherited) @executable_path/Frameworks @loader_path/Frameworks";
				PRODUCT_BUNDLE_IDENTIFIER = com.MiraclePillUITests;
				PRODUCT_NAME = "$(TARGET_NAME)";
				SWIFT_VERSION = 3.0;
				TEST_TARGET_NAME = MiraclePill;
			};
			name = Release;
		};
/* End XCBuildConfiguration section */

/* Begin XCConfigurationList section */
		677C7D7F1E0B919E007FA861 /* Build configuration list for PBXProject "MiraclePill" */ = {
			isa = XCConfigurationList;
			buildConfigurations = (
				677C7DAD1E0B919F007FA861 /* Debug */,
				677C7DAE1E0B919F007FA861 /* Release */,
			);
			defaultConfigurationIsVisible = 0;
			defaultConfigurationName = Release;
		};
		677C7DAF1E0B919F007FA861 /* Build configuration list for PBXNativeTarget "MiraclePill" */ = {
			isa = XCConfigurationList;
			buildConfigurations = (
				677C7DB01E0B919F007FA861 /* Debug */,
				677C7DB11E0B919F007FA861 /* Release */,
			);
			defaultConfigurationIsVisible = 0;
		};
		677C7DB21E0B919F007FA861 /* Build configuration list for PBXNativeTarget "MiraclePillTests" */ = {
			isa = XCConfigurationList;
			buildConfigurations = (
				677C7DB31E0B919F007FA861 /* Debug */,
				677C7DB41E0B919F007FA861 /* Release */,
			);
			defaultConfigurationIsVisible = 0;
		};
		677C7DB51E0B919F007FA861 /* Build configuration list for PBXNativeTarget "MiraclePillUITests" */ = {
			isa = XCConfigurationList;
			buildConfigurations = (
				677C7DB61E0B919F007FA861 /* Debug */,
				677C7DB71E0B919F007FA861 /* Release */,
			);
			defaultConfigurationIsVisible = 0;
		};
/* End XCConfigurationList section */

/* Begin XCVersionGroup section */
		677C7D8E1E0B919F007FA861 /* MiraclePill.xcdatamodeld */ = {
			isa = XCVersionGroup;
			children = (
				677C7D8F1E0B919F007FA861 /* MiraclePill.xcdatamodel */,
			);
			currentVersion = 677C7D8F1E0B919F007FA861 /* MiraclePill.xcdatamodel */;
			path = MiraclePill.xcdatamodeld;
			sourceTree = "<group>";
			versionGroupType = wrapper.xcdatamodel;
		};
/* End XCVersionGroup section */
	};
	rootObject = 677C7D7C1E0B919E007FA861 /* Project object */;
}
